
Microsoft Visual Studio Solution File, Format Version 12.00
# Visual Studio Version 16
VisualStudioVersion = 16.0.30204.135
MinimumVisualStudioVersion = 10.0.40219.1
Project("{FAE04EC0-301F-11D3-BF4B-00C04F79EFBC}") = "BackApi", "BackApi.csproj", "{841C891B-C951-4552-98C9-68BA0ED7577C}"
EndProject
Global
	GlobalSection(SolutionConfigurationPlatforms) = preSolution
		Debug|Any CPU = Debug|Any CPU
		Release|Any CPU = Release|Any CPU
	EndGlobalSection
	GlobalSection(ProjectConfigurationPlatforms) = postSolution
		{841C891B-C951-4552-98C9-68BA0ED7577C}.Debug|Any CPU.ActiveCfg = Debug|Any CPU
		{841C891B-C951-4552-98C9-68BA0ED7577C}.Debug|Any CPU.Build.0 = Debug|Any CPU
		{841C891B-C951-4552-98C9-68BA0ED7577C}.Release|Any CPU.ActiveCfg = Release|Any CPU
		{841C891B-C951-4552-98C9-68BA0ED7577C}.Release|Any CPU.Build.0 = Release|Any CPU
	EndGlobalSection
	GlobalSection(SolutionProperties) = preSolution
		HideSolutionNode = FALSE
	EndGlobalSection
	GlobalSection(ExtensibilityGlobals) = postSolution
		SolutionGuid = {09885900-3722-4D8F-AE79-3B2C5389E84D}
	EndGlobalSection
EndGlobal
